# This file is automatically @generated by Cargo.
# It is not intended for manual editing.
version = 3

[[package]]
name = "rust-sample"
version = "0.1.0"
dependencies = [
 "test-rust-sdk",
]

[[package]]
name = "test-rust-sdk"
version = "0.1.0"

[[package]]
name = "test-sdk"
version = "0.1.0"
dependencies = [
 "test-rust-sdk",
]
